
Microsoft Visual Studio Solution File, Format Version 12.00
# Visual Studio 15
VisualStudioVersion = 15.0.28307.572
MinimumVisualStudioVersion = 10.0.40219.1
Project("{FAE04EC0-301F-11D3-BF4B-00C04F79EFBC}") = "ShoppingCart_Interview", "ShoppingCart_Interview\ShoppingCart_Interview.csproj", "{FE9CC65A-A85E-4070-B4D6-DF8A9B9C3FC9}"
EndProject
Project("{2150E333-8FDC-42A3-9474-1A3956D46DE8}") = "Solution Items", "Solution Items", "{1B920BCF-310C-429A-B94B-1C1AA43E8C71}"
	ProjectSection(SolutionItems) = preProject
		README.md = README.md
	EndProjectSection
EndProject
Global
	GlobalSection(SolutionConfigurationPlatforms) = preSolution
		Debug|Any CPU = Debug|Any CPU
		Debug|x64 = Debug|x64
		Debug|x86 = Debug|x86
		Release|Any CPU = Release|Any CPU
		Release|x64 = Release|x64
		Release|x86 = Release|x86
	EndGlobalSection
	GlobalSection(ProjectConfigurationPlatforms) = postSolution
		{FE9CC65A-A85E-4070-B4D6-DF8A9B9C3FC9}.Debug|Any CPU.ActiveCfg = Debug|Any CPU
		{FE9CC65A-A85E-4070-B4D6-DF8A9B9C3FC9}.Debug|Any CPU.Build.0 = Debug|Any CPU
		{FE9CC65A-A85E-4070-B4D6-DF8A9B9C3FC9}.Debug|x64.ActiveCfg = Debug|Any CPU
		{FE9CC65A-A85E-4070-B4D6-DF8A9B9C3FC9}.Debug|x64.Build.0 = Debug|Any CPU
		{FE9CC65A-A85E-4070-B4D6-DF8A9B9C3FC9}.Debug|x86.ActiveCfg = Debug|Any CPU
		{FE9CC65A-A85E-4070-B4D6-DF8A9B9C3FC9}.Debug|x86.Build.0 = Debug|Any CPU
		{FE9CC65A-A85E-4070-B4D6-DF8A9B9C3FC9}.Release|Any CPU.ActiveCfg = Release|Any CPU
		{FE9CC65A-A85E-4070-B4D6-DF8A9B9C3FC9}.Release|Any CPU.Build.0 = Release|Any CPU
		{FE9CC65A-A85E-4070-B4D6-DF8A9B9C3FC9}.Release|x64.ActiveCfg = Release|Any CPU
		{FE9CC65A-A85E-4070-B4D6-DF8A9B9C3FC9}.Release|x64.Build.0 = Release|Any CPU
		{FE9CC65A-A85E-4070-B4D6-DF8A9B9C3FC9}.Release|x86.ActiveCfg = Release|Any CPU
		{FE9CC65A-A85E-4070-B4D6-DF8A9B9C3FC9}.Release|x86.Build.0 = Release|Any CPU
	EndGlobalSection
	GlobalSection(SolutionProperties) = preSolution
		HideSolutionNode = FALSE
	EndGlobalSection
	GlobalSection(ExtensibilityGlobals) = postSolution
		SolutionGuid = {660FA57A-C0FE-4172-B87E-639FB3AE4976}
	EndGlobalSection
EndGlobal
